
Microsoft Visual Studio Solution File, Format Version 12.00
# Visual Studio Version 17
VisualStudioVersion = 17.7.34202.233
MinimumVisualStudioVersion = 10.0.40219.1
Project("{FAE04EC0-301F-11D3-BF4B-00C04F79EFBC}") = "SchedulerSimulator", "SchedulerSimulator\SchedulerSimulator.csproj", "{BCE6FFFA-946E-4AB7-B7CE-DD4422389D11}"
EndProject
Global
	GlobalSection(SolutionConfigurationPlatforms) = preSolution
		Debug|Any CPU = Debug|Any CPU
		Release|Any CPU = Release|Any CPU
	EndGlobalSection
	GlobalSection(ProjectConfigurationPlatforms) = postSolution
		{BCE6FFFA-946E-4AB7-B7CE-DD4422389D11}.Debug|Any CPU.ActiveCfg = Debug|Any CPU
		{BCE6FFFA-946E-4AB7-B7CE-DD4422389D11}.Debug|Any CPU.Build.0 = Debug|Any CPU
		{BCE6FFFA-946E-4AB7-B7CE-DD4422389D11}.Release|Any CPU.ActiveCfg = Release|Any CPU
		{BCE6FFFA-946E-4AB7-B7CE-DD4422389D11}.Release|Any CPU.Build.0 = Release|Any CPU
	EndGlobalSection
	GlobalSection(SolutionProperties) = preSolution
		HideSolutionNode = FALSE
	EndGlobalSection
	GlobalSection(ExtensibilityGlobals) = postSolution
		SolutionGuid = {20556AC4-0E16-4310-A8B1-1EECCE2DC34C}
	EndGlobalSection
EndGlobal
